github.com/agnivade/levenshtein v1.1.1 h1:QY8M92nrzkmr798gCo3kmMyqXFzdQVpxLlGPRBij0P8=
github.com/agnivade/levenshtein v1.1.1/go.mod h1:veldBMzWxcCG2ZvUTKD2kJNRdCk5hVbJomOvKkmgYbo=
github.com/arbovm/levenshtein v0.0.0-20160628152529-48b4e1c0c4d0 h1:jfIu9sQUG6Ig+0+Ap1h4unLjW6YQJpKZVmUzxsD4E/Q=
github.com/arbovm/levenshtein v0.0.0-20160628152529-48b4e1c0c4d0/go.mod h1:t2tdKJDJF9BV14lnkjHmOQgcvEKgtqs5a1N3LNdJhGE=
github.com/davecgh/go-spew v1.1.0/go.mod h1:J7Y8YcW2NihsgmVo/mv3lAwl/skON4iLHjSsI+c5H38=
github.com/davecgh/go-spew v1.1.1 h1:vj9j/u1bqnvCEfJOwUhtlOARqs3+rkHYY13jYWTU97c=
github.com/davecgh/go-spew v1.1.1/go.mod h1:J7Y8YcW2NihsgmVo/mv3lAwl/skON4iLHjSsI+c5H38=
github.com/dgryski/trifles v0.0.0-20200323201526-dd97f9abfb48 h1:fRzb/w+pyskVMQ+UbP35JkH8yB7MYb4q/qhBarqZE6g=
github.com/dgryski/trifles v0.0.0-20200323201526-dd97f9abfb48/go.mod h1:if7Fbed8SFyPtHLHbg49SI7NAdJiC5WIA09pe59rfAA=
github.com/golang-jwt/jwt/v4 v4.0.0/go.mod h1:/xlHOz8bRuivTWchD4jCa+NbatV+wEUSzwAxVc6locg=
github.com/golang-jwt/jwt/v4 v4.4.3 h1:Hxl6lhQFj4AnOX6MLrsCb/+7tCj7DxP7VA+2rDIq5AU=
github.com/golang-jwt/jwt/v4 v4.4.3/go.mod h1:m21LjoU+eqJr34lmDMbreY2eSTRJ1cv77w39/MY0Ch0=
github.com/jawher/mow.cli v1.2.0 h1:e6ViPPy+82A/NFF/cfbq3Lr6q4JHKT9tyHwTCcUQgQw=
github.com/jawher/mow.cli v1.2.0/go.mod h1:y+pcA3jBAdo/GIZx/0rFjw/K2bVEODP9rfZOfaiq8Ko=
github.com/kylelemons/go-gypsy v1.0.0 h1:7/wQ7A3UL1bnqRMnZ6T8cwCOArfZCxFmb1iTxaOOo1s=
github.com/kylelemons/go-gypsy v1.0.0/go.mod h1:chkXM0zjdpXOiqkCW1XcCHDfjfk14PH2KKkQWxfJUcU=
github.com/nicklaw5/helix/v2 v2.13.0 h1:x+iJAjW8jkIzZ0z/gfm0BVNnmDk0sBaBEiRrgtc6yNw=
github.com/nicklaw5/helix/v2 v2.13.0/go.mod h1:zZcKsyyBWDli34x3QleYsVMiiNGMXPAEU5NjsiZDtvY=
github.com/pmezard/go-difflib v1.0.0 h1:4DBwDE0NGyQoBHbLQYPwSUPoCMWR5BEzIk/f1lZbAQM=
github.com/pmezard/go-difflib v1.0.0/go.mod h1:iKH77koFhYxTK1pcRnkKkqfTogsbg7gZNVY4sRDYZ/4=
github.com/ryanbradynd05/go-tmdb v0.0.0-20220721194547-2ab6191c6273 h1:8Acxd4HoxkbAAGG4Du+f8/ndT5pxLQZzGkx2KUMaN+M=
github.com/ryanbradynd05/go-tmdb v0.0.0-20220721194547-2ab6191c6273/go.mod h1:k/112WTJ3EoR7wjhtx8kOXO22CKNvJy+rNzGPXnuEsI=
github.com/stretchr/objx v0.1.0/go.mod h1:HFkY916IF+rwdDfMAkV7OtwuqBVzrE8GR6GFx+wExME=
github.com/stretchr/objx v0.2.0/go.mod h1:qt09Ya8vawLte6SNmTgCsAVtYtaKzEcn8ATUoHMkEqE=
github.com/stretchr/testify v1.3.0/go.mod h1:M5WIy9Dh21IEIfnGCwXGc5bZfKNJtfHm1UVUgZn+9EI=
github.com/stretchr/testify v1.4.0 h1:2E4SXV/wtOkTonXsotYi4li6zVWxYlZuYNCXe9XRJyk=
github.com/stretchr/testify v1.4.0/go.mod h1:j7eGeouHqKxXV5pUuKE4zz7dFj8WfuZ+81PSLYec5m4=
gopkg.in/check.v1 v0.0.0-20161208181325-20d25e280405 h1:yhCVgyC4o1eVCa2tZl7eS0r+SDo693bJlVdllGtEeKM=
gopkg.in/check.v1 v0.0.0-20161208181325-20d25e280405/go.mod h1:Co6ibVJAznAaIkqp8huTwlJQCZ016jof/cbN4VW5Yz0=
gopkg.in/yaml.v2 v2.2.2/go.mod h1:hI93XBmqTisBFMUTm0b8Fm+jr3Dg1NNxqwp+5A1VGuI=
gopkg.in/yaml.v2 v2.2.5 h1:ymVxjfMaHvXD8RqPRmzHHsB3VvucivSkIAvJFDI5O3c=
gopkg.in/yaml.v2 v2.2.5/go.mod h1:hI93XBmqTisBFMUTm0b8Fm+jr3Dg1NNxqwp+5A1VGuI=
